
Microsoft Visual Studio Solution File, Format Version 10.00
# Visual Studio 2008
Project("{8BC9CEB8-8B4A-11D0-8D11-00A0C91BC942}") = "GNSS_Viewer_V2", "GNSS_Viewer_V2.vcproj", "{7282594B-1D3E-494A-9B12-6F2F695A38D1}"
EndProject
Project("{8BC9CEB8-8B4A-11D0-8D11-00A0C91BC942}") = "TestNewParser", "TestNewParser.vcproj", "{27060F76-2840-4A23-B9A0-C8A1A16AB3EE}"
EndProject
Global
	GlobalSection(SolutionConfigurationPlatforms) = preSolution
		Debug|Any CPU = Debug|Any CPU
		Debug|Mixed Platforms = Debug|Mixed Platforms
		Debug|Win32 = Debug|Win32
		DebugGeneral|Any CPU = DebugGeneral|Any CPU
		DebugGeneral|Mixed Platforms = DebugGeneral|Mixed Platforms
		DebugGeneral|Win32 = DebugGeneral|Win32
		DebugInternalUse|Any CPU = DebugInternalUse|Any CPU
		DebugInternalUse|Mixed Platforms = DebugInternalUse|Mixed Platforms
		DebugInternalUse|Win32 = DebugInternalUse|Win32
		DebugPlayer|Any CPU = DebugPlayer|Any CPU
		DebugPlayer|Mixed Platforms = DebugPlayer|Mixed Platforms
		DebugPlayer|Win32 = DebugPlayer|Win32
		GNSS_Developer|Any CPU = GNSS_Developer|Any CPU
		GNSS_Developer|Mixed Platforms = GNSS_Developer|Mixed Platforms
		GNSS_Developer|Win32 = GNSS_Developer|Win32
		GNSS_General_SWID_NewLoader|Any CPU = GNSS_General_SWID_NewLoader|Any CPU
		GNSS_General_SWID_NewLoader|Mixed Platforms = GNSS_General_SWID_NewLoader|Mixed Platforms
		GNSS_General_SWID_NewLoader|Win32 = GNSS_General_SWID_NewLoader|Win32
		GNSS_General_SWID|Any CPU = GNSS_General_SWID|Any CPU
		GNSS_General_SWID|Mixed Platforms = GNSS_General_SWID|Mixed Platforms
		GNSS_General_SWID|Win32 = GNSS_General_SWID|Win32
		GNSS_General_SwidCustomer|Any CPU = GNSS_General_SwidCustomer|Any CPU
		GNSS_General_SwidCustomer|Mixed Platforms = GNSS_General_SwidCustomer|Mixed Platforms
		GNSS_General_SwidCustomer|Win32 = GNSS_General_SwidCustomer|Win32
		GNSS_General|Any CPU = GNSS_General|Any CPU
		GNSS_General|Mixed Platforms = GNSS_General|Mixed Platforms
		GNSS_General|Win32 = GNSS_General|Win32
		GNSS_InternalUse|Any CPU = GNSS_InternalUse|Any CPU
		GNSS_InternalUse|Mixed Platforms = GNSS_InternalUse|Mixed Platforms
		GNSS_InternalUse|Win32 = GNSS_InternalUse|Win32
		GNSS_NMEAPLAYER|Any CPU = GNSS_NMEAPLAYER|Any CPU
		GNSS_NMEAPLAYER|Mixed Platforms = GNSS_NMEAPLAYER|Mixed Platforms
		GNSS_NMEAPLAYER|Win32 = GNSS_NMEAPLAYER|Win32
		Release|Any CPU = Release|Any CPU
		Release|Mixed Platforms = Release|Mixed Platforms
		Release|Win32 = Release|Win32
		RTK_PatchTool|Any CPU = RTK_PatchTool|Any CPU
		RTK_PatchTool|Mixed Platforms = RTK_PatchTool|Mixed Platforms
		RTK_PatchTool|Win32 = RTK_PatchTool|Win32
	EndGlobalSection
	GlobalSection(ProjectConfigurationPlatforms) = postSolution
		{7282594B-1D3E-494A-9B12-6F2F695A38D1}.Debug|Any CPU.ActiveCfg = Debug|Win32
		{7282594B-1D3E-494A-9B12-6F2F695A38D1}.Debug|Mixed Platforms.ActiveCfg = Debug|Win32
		{7282594B-1D3E-494A-9B12-6F2F695A38D1}.Debug|Mixed Platforms.Build.0 = Debug|Win32
		{7282594B-1D3E-494A-9B12-6F2F695A38D1}.Debug|Win32.ActiveCfg = Debug|Win32
		{7282594B-1D3E-494A-9B12-6F2F695A38D1}.Debug|Win32.Build.0 = Debug|Win32
		{7282594B-1D3E-494A-9B12-6F2F695A38D1}.DebugGeneral|Any CPU.ActiveCfg = DebugGeneral|Win32
		{7282594B-1D3E-494A-9B12-6F2F695A38D1}.DebugGeneral|Mixed Platforms.ActiveCfg = DebugGeneral|Win32
		{7282594B-1D3E-494A-9B12-6F2F695A38D1}.DebugGeneral|Mixed Platforms.Build.0 = DebugGeneral|Win32
		{7282594B-1D3E-494A-9B12-6F2F695A38D1}.DebugGeneral|Win32.ActiveCfg = DebugGeneral|Win32
		{7282594B-1D3E-494A-9B12-6F2F695A38D1}.DebugGeneral|Win32.Build.0 = DebugGeneral|Win32
		{7282594B-1D3E-494A-9B12-6F2F695A38D1}.DebugInternalUse|Any CPU.ActiveCfg = DebugInternalUse|Win32
		{7282594B-1D3E-494A-9B12-6F2F695A38D1}.DebugInternalUse|Mixed Platforms.ActiveCfg = DebugInternalUse|Win32
		{7282594B-1D3E-494A-9B12-6F2F695A38D1}.DebugInternalUse|Mixed Platforms.Build.0 = DebugInternalUse|Win32
		{7282594B-1D3E-494A-9B12-6F2F695A38D1}.DebugInternalUse|Win32.ActiveCfg = DebugInternalUse|Win32
		{7282594B-1D3E-494A-9B12-6F2F695A38D1}.DebugInternalUse|Win32.Build.0 = DebugInternalUse|Win32
		{7282594B-1D3E-494A-9B12-6F2F695A38D1}.DebugPlayer|Any CPU.ActiveCfg = DebugPlayer|Win32
		{7282594B-1D3E-494A-9B12-6F2F695A38D1}.DebugPlayer|Mixed Platforms.ActiveCfg = DebugPlayer|Win32
		{7282594B-1D3E-494A-9B12-6F2F695A38D1}.DebugPlayer|Mixed Platforms.Build.0 = DebugPlayer|Win32
		{7282594B-1D3E-494A-9B12-6F2F695A38D1}.DebugPlayer|Win32.ActiveCfg = DebugPlayer|Win32
		{7282594B-1D3E-494A-9B12-6F2F695A38D1}.DebugPlayer|Win32.Build.0 = DebugPlayer|Win32
		{7282594B-1D3E-494A-9B12-6F2F695A38D1}.GNSS_Developer|Any CPU.ActiveCfg = DebugPlayer|Win32
		{7282594B-1D3E-494A-9B12-6F2F695A38D1}.GNSS_Developer|Mixed Platforms.ActiveCfg = GNSS_Developer|Win32
		{7282594B-1D3E-494A-9B12-6F2F695A38D1}.GNSS_Developer|Mixed Platforms.Build.0 = GNSS_Developer|Win32
		{7282594B-1D3E-494A-9B12-6F2F695A38D1}.GNSS_Developer|Win32.ActiveCfg = GNSS_Developer|Win32
		{7282594B-1D3E-494A-9B12-6F2F695A38D1}.GNSS_Developer|Win32.Build.0 = GNSS_Developer|Win32
		{7282594B-1D3E-494A-9B12-6F2F695A38D1}.GNSS_General_SWID_NewLoader|Any CPU.ActiveCfg = GNSS_General_SWID_NewLoader|Win32
		{7282594B-1D3E-494A-9B12-6F2F695A38D1}.GNSS_General_SWID_NewLoader|Mixed Platforms.ActiveCfg = GNSS_General_SWID_NewLoader|Win32
		{7282594B-1D3E-494A-9B12-6F2F695A38D1}.GNSS_General_SWID_NewLoader|Mixed Platforms.Build.0 = GNSS_General_SWID_NewLoader|Win32
		{7282594B-1D3E-494A-9B12-6F2F695A38D1}.GNSS_General_SWID_NewLoader|Win32.ActiveCfg = GNSS_General_SWID_NewLoader|Win32
		{7282594B-1D3E-494A-9B12-6F2F695A38D1}.GNSS_General_SWID_NewLoader|Win32.Build.0 = GNSS_General_SWID_NewLoader|Win32
		{7282594B-1D3E-494A-9B12-6F2F695A38D1}.GNSS_General_SWID|Any CPU.ActiveCfg = GNSS_General_SWID|Win32
		{7282594B-1D3E-494A-9B12-6F2F695A38D1}.GNSS_General_SWID|Mixed Platforms.ActiveCfg = GNSS_General_SWID|Win32
		{7282594B-1D3E-494A-9B12-6F2F695A38D1}.GNSS_General_SWID|Mixed Platforms.Build.0 = GNSS_General_SWID|Win32
		{7282594B-1D3E-494A-9B12-6F2F695A38D1}.GNSS_General_SWID|Win32.ActiveCfg = GNSS_General_SWID|Win32
		{7282594B-1D3E-494A-9B12-6F2F695A38D1}.GNSS_General_SWID|Win32.Build.0 = GNSS_General_SWID|Win32
		{7282594B-1D3E-494A-9B12-6F2F695A38D1}.GNSS_General_SwidCustomer|Any CPU.ActiveCfg = GNSS_General_SwidCustomer|Win32
		{7282594B-1D3E-494A-9B12-6F2F695A38D1}.GNSS_General_SwidCustomer|Mixed Platforms.ActiveCfg = GNSS_General_SwidCustomer|Win32
		{7282594B-1D3E-494A-9B12-6F2F695A38D1}.GNSS_General_SwidCustomer|Mixed Platforms.Build.0 = GNSS_General_SwidCustomer|Win32
		{7282594B-1D3E-494A-9B12-6F2F695A38D1}.GNSS_General_SwidCustomer|Win32.ActiveCfg = GNSS_General_SwidCustomer|Win32
		{7282594B-1D3E-494A-9B12-6F2F695A38D1}.GNSS_General_SwidCustomer|Win32.Build.0 = GNSS_General_SwidCustomer|Win32
		{7282594B-1D3E-494A-9B12-6F2F695A38D1}.GNSS_General|Any CPU.ActiveCfg = GNSS_General|Win32
		{7282594B-1D3E-494A-9B12-6F2F695A38D1}.GNSS_General|Mixed Platforms.ActiveCfg = GNSS_General|Win32
		{7282594B-1D3E-494A-9B12-6F2F695A38D1}.GNSS_General|Mixed Platforms.Build.0 = GNSS_General|Win32
		{7282594B-1D3E-494A-9B12-6F2F695A38D1}.GNSS_General|Win32.ActiveCfg = GNSS_General|Win32
		{7282594B-1D3E-494A-9B12-6F2F695A38D1}.GNSS_General|Win32.Build.0 = GNSS_General|Win32
		{7282594B-1D3E-494A-9B12-6F2F695A38D1}.GNSS_InternalUse|Any CPU.ActiveCfg = GNSS_InternalUse|Win32
		{7282594B-1D3E-494A-9B12-6F2F695A38D1}.GNSS_InternalUse|Mixed Platforms.ActiveCfg = GNSS_InternalUse|Win32
		{7282594B-1D3E-494A-9B12-6F2F695A38D1}.GNSS_InternalUse|Mixed Platforms.Build.0 = GNSS_InternalUse|Win32
		{7282594B-1D3E-494A-9B12-6F2F695A38D1}.GNSS_InternalUse|Win32.ActiveCfg = GNSS_InternalUse|Win32
		{7282594B-1D3E-494A-9B12-6F2F695A38D1}.GNSS_InternalUse|Win32.Build.0 = GNSS_InternalUse|Win32
		{7282594B-1D3E-494A-9B12-6F2F695A38D1}.GNSS_NMEAPLAYER|Any CPU.ActiveCfg = GNSS_NMEAPLAYER|Win32
		{7282594B-1D3E-494A-9B12-6F2F695A38D1}.GNSS_NMEAPLAYER|Mixed Platforms.ActiveCfg = GNSS_NMEAPLAYER|Win32
		{7282594B-1D3E-494A-9B12-6F2F695A38D1}.GNSS_NMEAPLAYER|Mixed Platforms.Build.0 = GNSS_NMEAPLAYER|Win32
		{7282594B-1D3E-494A-9B12-6F2F695A38D1}.GNSS_NMEAPLAYER|Win32.ActiveCfg = GNSS_NMEAPLAYER|Win32
		{7282594B-1D3E-494A-9B12-6F2F695A38D1}.GNSS_NMEAPLAYER|Win32.Build.0 = GNSS_NMEAPLAYER|Win32
		{7282594B-1D3E-494A-9B12-6F2F695A38D1}.Release|Any CPU.ActiveCfg = Release|Win32
		{7282594B-1D3E-494A-9B12-6F2F695A38D1}.Release|Mixed Platforms.ActiveCfg = Release|Win32
		{7282594B-1D3E-494A-9B12-6F2F695A38D1}.Release|Mixed Platforms.Build.0 = Release|Win32
		{7282594B-1D3E-494A-9B12-6F2F695A38D1}.Release|Win32.ActiveCfg = Release|Win32
		{7282594B-1D3E-494A-9B12-6F2F695A38D1}.Release|Win32.Build.0 = Release|Win32
		{7282594B-1D3E-494A-9B12-6F2F695A38D1}.RTK_PatchTool|Any CPU.ActiveCfg = RTK_PatchTool|Win32
		{7282594B-1D3E-494A-9B12-6F2F695A38D1}.RTK_PatchTool|Mixed Platforms.ActiveCfg = RTK_PatchTool|Win32
		{7282594B-1D3E-494A-9B12-6F2F695A38D1}.RTK_PatchTool|Mixed Platforms.Build.0 = RTK_PatchTool|Win32
		{7282594B-1D3E-494A-9B12-6F2F695A38D1}.RTK_PatchTool|Win32.ActiveCfg = RTK_PatchTool|Win32
		{7282594B-1D3E-494A-9B12-6F2F695A38D1}.RTK_PatchTool|Win32.Build.0 = RTK_PatchTool|Win32
		{27060F76-2840-4A23-B9A0-C8A1A16AB3EE}.Debug|Any CPU.ActiveCfg = Debug|Win32
		{27060F76-2840-4A23-B9A0-C8A1A16AB3EE}.Debug|Mixed Platforms.ActiveCfg = Debug|Win32
		{27060F76-2840-4A23-B9A0-C8A1A16AB3EE}.Debug|Mixed Platforms.Build.0 = Debug|Win32
		{27060F76-2840-4A23-B9A0-C8A1A16AB3EE}.Debug|Win32.ActiveCfg = Debug|Win32
		{27060F76-2840-4A23-B9A0-C8A1A16AB3EE}.Debug|Win32.Build.0 = Debug|Win32
		{27060F76-2840-4A23-B9A0-C8A1A16AB3EE}.DebugGeneral|Any CPU.ActiveCfg = Debug|Win32
		{27060F76-2840-4A23-B9A0-C8A1A16AB3EE}.DebugGeneral|Mixed Platforms.ActiveCfg = Debug|Win32
		{27060F76-2840-4A23-B9A0-C8A1A16AB3EE}.DebugGeneral|Mixed Platforms.Build.0 = Debug|Win32
		{27060F76-2840-4A23-B9A0-C8A1A16AB3EE}.DebugGeneral|Win32.ActiveCfg = Debug|Win32
		{27060F76-2840-4A23-B9A0-C8A1A16AB3EE}.DebugGeneral|Win32.Build.0 = Debug|Win32
		{27060F76-2840-4A23-B9A0-C8A1A16AB3EE}.DebugInternalUse|Any CPU.ActiveCfg = Debug|Win32
		{27060F76-2840-4A23-B9A0-C8A1A16AB3EE}.DebugInternalUse|Mixed Platforms.ActiveCfg = Debug|Win32
		{27060F76-2840-4A23-B9A0-C8A1A16AB3EE}.DebugInternalUse|Mixed Platforms.Build.0 = Debug|Win32
		{27060F76-2840-4A23-B9A0-C8A1A16AB3EE}.DebugInternalUse|Win32.ActiveCfg = Debug|Win32
		{27060F76-2840-4A23-B9A0-C8A1A16AB3EE}.DebugInternalUse|Win32.Build.0 = Debug|Win32
		{27060F76-2840-4A23-B9A0-C8A1A16AB3EE}.DebugPlayer|Any CPU.ActiveCfg = Debug|Win32
		{27060F76-2840-4A23-B9A0-C8A1A16AB3EE}.DebugPlayer|Mixed Platforms.ActiveCfg = Debug|Win32
		{27060F76-2840-4A23-B9A0-C8A1A16AB3EE}.DebugPlayer|Mixed Platforms.Build.0 = Debug|Win32
		{27060F76-2840-4A23-B9A0-C8A1A16AB3EE}.DebugPlayer|Win32.ActiveCfg = Debug|Win32
		{27060F76-2840-4A23-B9A0-C8A1A16AB3EE}.DebugPlayer|Win32.Build.0 = Debug|Win32
		{27060F76-2840-4A23-B9A0-C8A1A16AB3EE}.GNSS_Developer|Any CPU.ActiveCfg = Release|Win32
		{27060F76-2840-4A23-B9A0-C8A1A16AB3EE}.GNSS_Developer|Mixed Platforms.ActiveCfg = Release|Win32
		{27060F76-2840-4A23-B9A0-C8A1A16AB3EE}.GNSS_Developer|Mixed Platforms.Build.0 = Release|Win32
		{27060F76-2840-4A23-B9A0-C8A1A16AB3EE}.GNSS_Developer|Win32.ActiveCfg = Release|Win32
		{27060F76-2840-4A23-B9A0-C8A1A16AB3EE}.GNSS_Developer|Win32.Build.0 = Release|Win32
		{27060F76-2840-4A23-B9A0-C8A1A16AB3EE}.GNSS_General_SWID_NewLoader|Any CPU.ActiveCfg = Release|Win32
		{27060F76-2840-4A23-B9A0-C8A1A16AB3EE}.GNSS_General_SWID_NewLoader|Mixed Platforms.ActiveCfg = Release|Win32
		{27060F76-2840-4A23-B9A0-C8A1A16AB3EE}.GNSS_General_SWID_NewLoader|Mixed Platforms.Build.0 = Release|Win32
		{27060F76-2840-4A23-B9A0-C8A1A16AB3EE}.GNSS_General_SWID_NewLoader|Win32.ActiveCfg = Release|Win32
		{27060F76-2840-4A23-B9A0-C8A1A16AB3EE}.GNSS_General_SWID_NewLoader|Win32.Build.0 = Release|Win32
		{27060F76-2840-4A23-B9A0-C8A1A16AB3EE}.GNSS_General_SWID|Any CPU.ActiveCfg = Release|Win32
		{27060F76-2840-4A23-B9A0-C8A1A16AB3EE}.GNSS_General_SWID|Mixed Platforms.ActiveCfg = Release|Win32
		{27060F76-2840-4A23-B9A0-C8A1A16AB3EE}.GNSS_General_SWID|Mixed Platforms.Build.0 = Release|Win32
		{27060F76-2840-4A23-B9A0-C8A1A16AB3EE}.GNSS_General_SWID|Win32.ActiveCfg = Release|Win32
		{27060F76-2840-4A23-B9A0-C8A1A16AB3EE}.GNSS_General_SWID|Win32.Build.0 = Release|Win32
		{27060F76-2840-4A23-B9A0-C8A1A16AB3EE}.GNSS_General_SwidCustomer|Any CPU.ActiveCfg = Release|Win32
		{27060F76-2840-4A23-B9A0-C8A1A16AB3EE}.GNSS_General_SwidCustomer|Mixed Platforms.ActiveCfg = Release|Win32
		{27060F76-2840-4A23-B9A0-C8A1A16AB3EE}.GNSS_General_SwidCustomer|Mixed Platforms.Build.0 = Release|Win32
		{27060F76-2840-4A23-B9A0-C8A1A16AB3EE}.GNSS_General_SwidCustomer|Win32.ActiveCfg = Release|Win32
		{27060F76-2840-4A23-B9A0-C8A1A16AB3EE}.GNSS_General_SwidCustomer|Win32.Build.0 = Release|Win32
		{27060F76-2840-4A23-B9A0-C8A1A16AB3EE}.GNSS_General|Any CPU.ActiveCfg = Release|Win32
		{27060F76-2840-4A23-B9A0-C8A1A16AB3EE}.GNSS_General|Mixed Platforms.ActiveCfg = Release|Win32
		{27060F76-2840-4A23-B9A0-C8A1A16AB3EE}.GNSS_General|Mixed Platforms.Build.0 = Release|Win32
		{27060F76-2840-4A23-B9A0-C8A1A16AB3EE}.GNSS_General|Win32.ActiveCfg = Release|Win32
		{27060F76-2840-4A23-B9A0-C8A1A16AB3EE}.GNSS_General|Win32.Build.0 = Release|Win32
		{27060F76-2840-4A23-B9A0-C8A1A16AB3EE}.GNSS_InternalUse|Any CPU.ActiveCfg = Release|Win32
		{27060F76-2840-4A23-B9A0-C8A1A16AB3EE}.GNSS_InternalUse|Mixed Platforms.ActiveCfg = Release|Win32
		{27060F76-2840-4A23-B9A0-C8A1A16AB3EE}.GNSS_InternalUse|Mixed Platforms.Build.0 = Release|Win32
		{27060F76-2840-4A23-B9A0-C8A1A16AB3EE}.GNSS_InternalUse|Win32.ActiveCfg = Release|Win32
		{27060F76-2840-4A23-B9A0-C8A1A16AB3EE}.GNSS_InternalUse|Win32.Build.0 = Release|Win32
		{27060F76-2840-4A23-B9A0-C8A1A16AB3EE}.GNSS_NMEAPLAYER|Any CPU.ActiveCfg = Release|Win32
		{27060F76-2840-4A23-B9A0-C8A1A16AB3EE}.GNSS_NMEAPLAYER|Mixed Platforms.ActiveCfg = Release|Win32
		{27060F76-2840-4A23-B9A0-C8A1A16AB3EE}.GNSS_NMEAPLAYER|Mixed Platforms.Build.0 = Release|Win32
		{27060F76-2840-4A23-B9A0-C8A1A16AB3EE}.GNSS_NMEAPLAYER|Win32.ActiveCfg = Release|Win32
		{27060F76-2840-4A23-B9A0-C8A1A16AB3EE}.GNSS_NMEAPLAYER|Win32.Build.0 = Release|Win32
		{27060F76-2840-4A23-B9A0-C8A1A16AB3EE}.Release|Any CPU.ActiveCfg = Release|Win32
		{27060F76-2840-4A23-B9A0-C8A1A16AB3EE}.Release|Mixed Platforms.ActiveCfg = Release|Win32
		{27060F76-2840-4A23-B9A0-C8A1A16AB3EE}.Release|Mixed Platforms.Build.0 = Release|Win32
		{27060F76-2840-4A23-B9A0-C8A1A16AB3EE}.Release|Win32.ActiveCfg = Release|Win32
		{27060F76-2840-4A23-B9A0-C8A1A16AB3EE}.Release|Win32.Build.0 = Release|Win32
		{27060F76-2840-4A23-B9A0-C8A1A16AB3EE}.RTK_PatchTool|Any CPU.ActiveCfg = Release|Win32
		{27060F76-2840-4A23-B9A0-C8A1A16AB3EE}.RTK_PatchTool|Mixed Platforms.ActiveCfg = Release|Win32
		{27060F76-2840-4A23-B9A0-C8A1A16AB3EE}.RTK_PatchTool|Mixed Platforms.Build.0 = Release|Win32
		{27060F76-2840-4A23-B9A0-C8A1A16AB3EE}.RTK_PatchTool|Win32.ActiveCfg = Release|Win32
		{27060F76-2840-4A23-B9A0-C8A1A16AB3EE}.RTK_PatchTool|Win32.Build.0 = Release|Win32
	EndGlobalSection
	GlobalSection(SolutionProperties) = preSolution
		HideSolutionNode = FALSE
	EndGlobalSection
EndGlobal
