
Microsoft Visual Studio Solution File, Format Version 10.00
# Visual Studio 2008
Project("{8BC9CEB8-8B4A-11D0-8D11-00A0C91BC942}") = "GNSS_Viewer_V2", "GNSS_Viewer_V2.vcproj", "{7282594B-1D3E-494A-9B12-6F2F695A38D1}"
EndProject
Global
	GlobalSection(SolutionConfigurationPlatforms) = preSolution
		Debug|Any CPU = Debug|Any CPU
		Debug|Mixed Platforms = Debug|Mixed Platforms
		Debug|Win32 = Debug|Win32
		DebugPlayer|Any CPU = DebugPlayer|Any CPU
		DebugPlayer|Mixed Platforms = DebugPlayer|Mixed Platforms
		DebugPlayer|Win32 = DebugPlayer|Win32
		GNSS_Create_Tag|Any CPU = GNSS_Create_Tag|Any CPU
		GNSS_Create_Tag|Mixed Platforms = GNSS_Create_Tag|Mixed Platforms
		GNSS_Create_Tag|Win32 = GNSS_Create_Tag|Win32
		GNSS_Developer|Any CPU = GNSS_Developer|Any CPU
		GNSS_Developer|Mixed Platforms = GNSS_Developer|Mixed Platforms
		GNSS_Developer|Win32 = GNSS_Developer|Win32
		GNSS_General_Ericsson|Any CPU = GNSS_General_Ericsson|Any CPU
		GNSS_General_Ericsson|Mixed Platforms = GNSS_General_Ericsson|Mixed Platforms
		GNSS_General_Ericsson|Win32 = GNSS_General_Ericsson|Win32
		GNSS_General_FKHL|Any CPU = GNSS_General_FKHL|Any CPU
		GNSS_General_FKHL|Mixed Platforms = GNSS_General_FKHL|Mixed Platforms
		GNSS_General_FKHL|Win32 = GNSS_General_FKHL|Win32
		GNSS_General_OLinkStar|Any CPU = GNSS_General_OLinkStar|Any CPU
		GNSS_General_OLinkStar|Mixed Platforms = GNSS_General_OLinkStar|Mixed Platforms
		GNSS_General_OLinkStar|Win32 = GNSS_General_OLinkStar|Win32
		GNSS_General_RTK|Any CPU = GNSS_General_RTK|Any CPU
		GNSS_General_RTK|Mixed Platforms = GNSS_General_RTK|Mixed Platforms
		GNSS_General_RTK|Win32 = GNSS_General_RTK|Win32
		GNSS_General_SAINTMAX|Any CPU = GNSS_General_SAINTMAX|Any CPU
		GNSS_General_SAINTMAX|Mixed Platforms = GNSS_General_SAINTMAX|Mixed Platforms
		GNSS_General_SAINTMAX|Win32 = GNSS_General_SAINTMAX|Win32
		GNSS_General_SWID_NewLoader|Any CPU = GNSS_General_SWID_NewLoader|Any CPU
		GNSS_General_SWID_NewLoader|Mixed Platforms = GNSS_General_SWID_NewLoader|Mixed Platforms
		GNSS_General_SWID_NewLoader|Win32 = GNSS_General_SWID_NewLoader|Win32
		GNSS_General_SWID|Any CPU = GNSS_General_SWID|Any CPU
		GNSS_General_SWID|Mixed Platforms = GNSS_General_SWID|Mixed Platforms
		GNSS_General_SWID|Win32 = GNSS_General_SWID|Win32
		GNSS_General_Takuji|Any CPU = GNSS_General_Takuji|Any CPU
		GNSS_General_Takuji|Mixed Platforms = GNSS_General_Takuji|Mixed Platforms
		GNSS_General_Takuji|Win32 = GNSS_General_Takuji|Win32
		GNSS_General|Any CPU = GNSS_General|Any CPU
		GNSS_General|Mixed Platforms = GNSS_General|Mixed Platforms
		GNSS_General|Win32 = GNSS_General|Win32
		GNSS_InternalUse|Any CPU = GNSS_InternalUse|Any CPU
		GNSS_InternalUse|Mixed Platforms = GNSS_InternalUse|Mixed Platforms
		GNSS_InternalUse|Win32 = GNSS_InternalUse|Win32
		GNSS_InternalUseL2|Any CPU = GNSS_InternalUseL2|Any CPU
		GNSS_InternalUseL2|Mixed Platforms = GNSS_InternalUseL2|Mixed Platforms
		GNSS_InternalUseL2|Win32 = GNSS_InternalUseL2|Win32
		GNSS_NMEAPLAYER_L2|Any CPU = GNSS_NMEAPLAYER_L2|Any CPU
		GNSS_NMEAPLAYER_L2|Mixed Platforms = GNSS_NMEAPLAYER_L2|Mixed Platforms
		GNSS_NMEAPLAYER_L2|Win32 = GNSS_NMEAPLAYER_L2|Win32
		GNSS_NMEAPLAYER_RTK|Any CPU = GNSS_NMEAPLAYER_RTK|Any CPU
		GNSS_NMEAPLAYER_RTK|Mixed Platforms = GNSS_NMEAPLAYER_RTK|Mixed Platforms
		GNSS_NMEAPLAYER_RTK|Win32 = GNSS_NMEAPLAYER_RTK|Win32
		GNSS_NMEAPLAYER|Any CPU = GNSS_NMEAPLAYER|Any CPU
		GNSS_NMEAPLAYER|Mixed Platforms = GNSS_NMEAPLAYER|Mixed Platforms
		GNSS_NMEAPLAYER|Win32 = GNSS_NMEAPLAYER|Win32
		GNSS_SUP800_General|Any CPU = GNSS_SUP800_General|Any CPU
		GNSS_SUP800_General|Mixed Platforms = GNSS_SUP800_General|Mixed Platforms
		GNSS_SUP800_General|Win32 = GNSS_SUP800_General|Win32
		GNSS_SUP800|Any CPU = GNSS_SUP800|Any CPU
		GNSS_SUP800|Mixed Platforms = GNSS_SUP800|Mixed Platforms
		GNSS_SUP800|Win32 = GNSS_SUP800|Win32
		Navic_General|Any CPU = Navic_General|Any CPU
		Navic_General|Mixed Platforms = Navic_General|Mixed Platforms
		Navic_General|Win32 = Navic_General|Win32
		Navic_InternalUse|Any CPU = Navic_InternalUse|Any CPU
		Navic_InternalUse|Mixed Platforms = Navic_InternalUse|Mixed Platforms
		Navic_InternalUse|Win32 = Navic_InternalUse|Win32
		Release|Any CPU = Release|Any CPU
		Release|Mixed Platforms = Release|Mixed Platforms
		Release|Win32 = Release|Win32
		RTK_PatchTool|Any CPU = RTK_PatchTool|Any CPU
		RTK_PatchTool|Mixed Platforms = RTK_PatchTool|Mixed Platforms
		RTK_PatchTool|Win32 = RTK_PatchTool|Win32
	EndGlobalSection
	GlobalSection(ProjectConfigurationPlatforms) = postSolution
		{7282594B-1D3E-494A-9B12-6F2F695A38D1}.Debug|Any CPU.ActiveCfg = Debug|Win32
		{7282594B-1D3E-494A-9B12-6F2F695A38D1}.Debug|Mixed Platforms.ActiveCfg = Debug|Win32
		{7282594B-1D3E-494A-9B12-6F2F695A38D1}.Debug|Mixed Platforms.Build.0 = Debug|Win32
		{7282594B-1D3E-494A-9B12-6F2F695A38D1}.Debug|Win32.ActiveCfg = Debug|Win32
		{7282594B-1D3E-494A-9B12-6F2F695A38D1}.Debug|Win32.Build.0 = Debug|Win32
		{7282594B-1D3E-494A-9B12-6F2F695A38D1}.DebugPlayer|Any CPU.ActiveCfg = DebugPlayer|Win32
		{7282594B-1D3E-494A-9B12-6F2F695A38D1}.DebugPlayer|Mixed Platforms.ActiveCfg = DebugPlayer|Win32
		{7282594B-1D3E-494A-9B12-6F2F695A38D1}.DebugPlayer|Mixed Platforms.Build.0 = DebugPlayer|Win32
		{7282594B-1D3E-494A-9B12-6F2F695A38D1}.DebugPlayer|Win32.ActiveCfg = DebugPlayer|Win32
		{7282594B-1D3E-494A-9B12-6F2F695A38D1}.DebugPlayer|Win32.Build.0 = DebugPlayer|Win32
		{7282594B-1D3E-494A-9B12-6F2F695A38D1}.GNSS_Create_Tag|Any CPU.ActiveCfg = GNSS_Create_Tag|Win32
		{7282594B-1D3E-494A-9B12-6F2F695A38D1}.GNSS_Create_Tag|Mixed Platforms.ActiveCfg = GNSS_Create_Tag|Win32
		{7282594B-1D3E-494A-9B12-6F2F695A38D1}.GNSS_Create_Tag|Mixed Platforms.Build.0 = GNSS_Create_Tag|Win32
		{7282594B-1D3E-494A-9B12-6F2F695A38D1}.GNSS_Create_Tag|Win32.ActiveCfg = GNSS_Create_Tag|Win32
		{7282594B-1D3E-494A-9B12-6F2F695A38D1}.GNSS_Create_Tag|Win32.Build.0 = GNSS_Create_Tag|Win32
		{7282594B-1D3E-494A-9B12-6F2F695A38D1}.GNSS_Developer|Any CPU.ActiveCfg = DebugPlayer|Win32
		{7282594B-1D3E-494A-9B12-6F2F695A38D1}.GNSS_Developer|Mixed Platforms.ActiveCfg = GNSS_Developer|Win32
		{7282594B-1D3E-494A-9B12-6F2F695A38D1}.GNSS_Developer|Mixed Platforms.Build.0 = GNSS_Developer|Win32
		{7282594B-1D3E-494A-9B12-6F2F695A38D1}.GNSS_Developer|Win32.ActiveCfg = GNSS_Developer|Win32
		{7282594B-1D3E-494A-9B12-6F2F695A38D1}.GNSS_Developer|Win32.Build.0 = GNSS_Developer|Win32
		{7282594B-1D3E-494A-9B12-6F2F695A38D1}.GNSS_General_Ericsson|Any CPU.ActiveCfg = GNSS_General_Ericsson|Win32
		{7282594B-1D3E-494A-9B12-6F2F695A38D1}.GNSS_General_Ericsson|Mixed Platforms.ActiveCfg = GNSS_General_Ericsson|Win32
		{7282594B-1D3E-494A-9B12-6F2F695A38D1}.GNSS_General_Ericsson|Mixed Platforms.Build.0 = GNSS_General_Ericsson|Win32
		{7282594B-1D3E-494A-9B12-6F2F695A38D1}.GNSS_General_Ericsson|Win32.ActiveCfg = GNSS_General_Ericsson|Win32
		{7282594B-1D3E-494A-9B12-6F2F695A38D1}.GNSS_General_Ericsson|Win32.Build.0 = GNSS_General_Ericsson|Win32
		{7282594B-1D3E-494A-9B12-6F2F695A38D1}.GNSS_General_FKHL|Any CPU.ActiveCfg = GNSS_General_FKHL|Win32
		{7282594B-1D3E-494A-9B12-6F2F695A38D1}.GNSS_General_FKHL|Mixed Platforms.ActiveCfg = GNSS_General_FKHL|Win32
		{7282594B-1D3E-494A-9B12-6F2F695A38D1}.GNSS_General_FKHL|Mixed Platforms.Build.0 = GNSS_General_FKHL|Win32
		{7282594B-1D3E-494A-9B12-6F2F695A38D1}.GNSS_General_FKHL|Win32.ActiveCfg = GNSS_General_FKHL|Win32
		{7282594B-1D3E-494A-9B12-6F2F695A38D1}.GNSS_General_FKHL|Win32.Build.0 = GNSS_General_FKHL|Win32
		{7282594B-1D3E-494A-9B12-6F2F695A38D1}.GNSS_General_OLinkStar|Any CPU.ActiveCfg = GNSS_General_OLinkStar|Win32
		{7282594B-1D3E-494A-9B12-6F2F695A38D1}.GNSS_General_OLinkStar|Mixed Platforms.ActiveCfg = GNSS_General_OLinkStar|Win32
		{7282594B-1D3E-494A-9B12-6F2F695A38D1}.GNSS_General_OLinkStar|Mixed Platforms.Build.0 = GNSS_General_OLinkStar|Win32
		{7282594B-1D3E-494A-9B12-6F2F695A38D1}.GNSS_General_OLinkStar|Win32.ActiveCfg = GNSS_General_OLinkStar|Win32
		{7282594B-1D3E-494A-9B12-6F2F695A38D1}.GNSS_General_OLinkStar|Win32.Build.0 = GNSS_General_OLinkStar|Win32
		{7282594B-1D3E-494A-9B12-6F2F695A38D1}.GNSS_General_RTK|Any CPU.ActiveCfg = GNSS_General_RTK|Win32
		{7282594B-1D3E-494A-9B12-6F2F695A38D1}.GNSS_General_RTK|Mixed Platforms.ActiveCfg = GNSS_General_RTK|Win32
		{7282594B-1D3E-494A-9B12-6F2F695A38D1}.GNSS_General_RTK|Mixed Platforms.Build.0 = GNSS_General_RTK|Win32
		{7282594B-1D3E-494A-9B12-6F2F695A38D1}.GNSS_General_RTK|Win32.ActiveCfg = GNSS_General_RTK|Win32
		{7282594B-1D3E-494A-9B12-6F2F695A38D1}.GNSS_General_RTK|Win32.Build.0 = GNSS_General_RTK|Win32
		{7282594B-1D3E-494A-9B12-6F2F695A38D1}.GNSS_General_SAINTMAX|Any CPU.ActiveCfg = GNSS_General_SAINTMAX|Win32
		{7282594B-1D3E-494A-9B12-6F2F695A38D1}.GNSS_General_SAINTMAX|Mixed Platforms.ActiveCfg = GNSS_General_SAINTMAX|Win32
		{7282594B-1D3E-494A-9B12-6F2F695A38D1}.GNSS_General_SAINTMAX|Mixed Platforms.Build.0 = GNSS_General_SAINTMAX|Win32
		{7282594B-1D3E-494A-9B12-6F2F695A38D1}.GNSS_General_SAINTMAX|Win32.ActiveCfg = GNSS_General_SAINTMAX|Win32
		{7282594B-1D3E-494A-9B12-6F2F695A38D1}.GNSS_General_SAINTMAX|Win32.Build.0 = GNSS_General_SAINTMAX|Win32
		{7282594B-1D3E-494A-9B12-6F2F695A38D1}.GNSS_General_SWID_NewLoader|Any CPU.ActiveCfg = GNSS_General_SWID_NewLoader|Win32
		{7282594B-1D3E-494A-9B12-6F2F695A38D1}.GNSS_General_SWID_NewLoader|Mixed Platforms.ActiveCfg = GNSS_General_SWID_NewLoader|Win32
		{7282594B-1D3E-494A-9B12-6F2F695A38D1}.GNSS_General_SWID_NewLoader|Mixed Platforms.Build.0 = GNSS_General_SWID_NewLoader|Win32
		{7282594B-1D3E-494A-9B12-6F2F695A38D1}.GNSS_General_SWID_NewLoader|Win32.ActiveCfg = GNSS_General_SWID_NewLoader|Win32
		{7282594B-1D3E-494A-9B12-6F2F695A38D1}.GNSS_General_SWID_NewLoader|Win32.Build.0 = GNSS_General_SWID_NewLoader|Win32
		{7282594B-1D3E-494A-9B12-6F2F695A38D1}.GNSS_General_SWID|Any CPU.ActiveCfg = GNSS_General_SWID|Win32
		{7282594B-1D3E-494A-9B12-6F2F695A38D1}.GNSS_General_SWID|Mixed Platforms.ActiveCfg = GNSS_General_SWID|Win32
		{7282594B-1D3E-494A-9B12-6F2F695A38D1}.GNSS_General_SWID|Mixed Platforms.Build.0 = GNSS_General_SWID|Win32
		{7282594B-1D3E-494A-9B12-6F2F695A38D1}.GNSS_General_SWID|Win32.ActiveCfg = GNSS_General_SWID|Win32
		{7282594B-1D3E-494A-9B12-6F2F695A38D1}.GNSS_General_SWID|Win32.Build.0 = GNSS_General_SWID|Win32
		{7282594B-1D3E-494A-9B12-6F2F695A38D1}.GNSS_General_Takuji|Any CPU.ActiveCfg = GNSS_General_Takuji|Win32
		{7282594B-1D3E-494A-9B12-6F2F695A38D1}.GNSS_General_Takuji|Mixed Platforms.ActiveCfg = GNSS_General_Takuji|Win32
		{7282594B-1D3E-494A-9B12-6F2F695A38D1}.GNSS_General_Takuji|Mixed Platforms.Build.0 = GNSS_General_Takuji|Win32
		{7282594B-1D3E-494A-9B12-6F2F695A38D1}.GNSS_General_Takuji|Win32.ActiveCfg = GNSS_General_Takuji|Win32
		{7282594B-1D3E-494A-9B12-6F2F695A38D1}.GNSS_General_Takuji|Win32.Build.0 = GNSS_General_Takuji|Win32
		{7282594B-1D3E-494A-9B12-6F2F695A38D1}.GNSS_General|Any CPU.ActiveCfg = GNSS_General|Win32
		{7282594B-1D3E-494A-9B12-6F2F695A38D1}.GNSS_General|Mixed Platforms.ActiveCfg = GNSS_General|Win32
		{7282594B-1D3E-494A-9B12-6F2F695A38D1}.GNSS_General|Mixed Platforms.Build.0 = GNSS_General|Win32
		{7282594B-1D3E-494A-9B12-6F2F695A38D1}.GNSS_General|Win32.ActiveCfg = GNSS_General|Win32
		{7282594B-1D3E-494A-9B12-6F2F695A38D1}.GNSS_General|Win32.Build.0 = GNSS_General|Win32
		{7282594B-1D3E-494A-9B12-6F2F695A38D1}.GNSS_InternalUse|Any CPU.ActiveCfg = GNSS_InternalUse|Win32
		{7282594B-1D3E-494A-9B12-6F2F695A38D1}.GNSS_InternalUse|Mixed Platforms.ActiveCfg = GNSS_InternalUse|Win32
		{7282594B-1D3E-494A-9B12-6F2F695A38D1}.GNSS_InternalUse|Mixed Platforms.Build.0 = GNSS_InternalUse|Win32
		{7282594B-1D3E-494A-9B12-6F2F695A38D1}.GNSS_InternalUse|Win32.ActiveCfg = GNSS_InternalUse|Win32
		{7282594B-1D3E-494A-9B12-6F2F695A38D1}.GNSS_InternalUse|Win32.Build.0 = GNSS_InternalUse|Win32
		{7282594B-1D3E-494A-9B12-6F2F695A38D1}.GNSS_InternalUseL2|Any CPU.ActiveCfg = GNSS_NMEAPLAYER|Win32
		{7282594B-1D3E-494A-9B12-6F2F695A38D1}.GNSS_InternalUseL2|Mixed Platforms.ActiveCfg = GNSS_InternalUseL2|Win32
		{7282594B-1D3E-494A-9B12-6F2F695A38D1}.GNSS_InternalUseL2|Mixed Platforms.Build.0 = GNSS_InternalUseL2|Win32
		{7282594B-1D3E-494A-9B12-6F2F695A38D1}.GNSS_InternalUseL2|Win32.ActiveCfg = GNSS_InternalUseL2|Win32
		{7282594B-1D3E-494A-9B12-6F2F695A38D1}.GNSS_InternalUseL2|Win32.Build.0 = GNSS_InternalUseL2|Win32
		{7282594B-1D3E-494A-9B12-6F2F695A38D1}.GNSS_NMEAPLAYER_L2|Any CPU.ActiveCfg = GNSS_NMEAPLAYER_L2|Win32
		{7282594B-1D3E-494A-9B12-6F2F695A38D1}.GNSS_NMEAPLAYER_L2|Mixed Platforms.ActiveCfg = GNSS_NMEAPLAYER_L2|Win32
		{7282594B-1D3E-494A-9B12-6F2F695A38D1}.GNSS_NMEAPLAYER_L2|Mixed Platforms.Build.0 = GNSS_NMEAPLAYER_L2|Win32
		{7282594B-1D3E-494A-9B12-6F2F695A38D1}.GNSS_NMEAPLAYER_L2|Win32.ActiveCfg = GNSS_NMEAPLAYER_L2|Win32
		{7282594B-1D3E-494A-9B12-6F2F695A38D1}.GNSS_NMEAPLAYER_L2|Win32.Build.0 = GNSS_NMEAPLAYER_L2|Win32
		{7282594B-1D3E-494A-9B12-6F2F695A38D1}.GNSS_NMEAPLAYER_RTK|Any CPU.ActiveCfg = GNSS_NMEAPLAYER_RTK|Win32
		{7282594B-1D3E-494A-9B12-6F2F695A38D1}.GNSS_NMEAPLAYER_RTK|Mixed Platforms.ActiveCfg = GNSS_NMEAPLAYER_RTK|Win32
		{7282594B-1D3E-494A-9B12-6F2F695A38D1}.GNSS_NMEAPLAYER_RTK|Mixed Platforms.Build.0 = GNSS_NMEAPLAYER_RTK|Win32
		{7282594B-1D3E-494A-9B12-6F2F695A38D1}.GNSS_NMEAPLAYER_RTK|Win32.ActiveCfg = GNSS_NMEAPLAYER_RTK|Win32
		{7282594B-1D3E-494A-9B12-6F2F695A38D1}.GNSS_NMEAPLAYER_RTK|Win32.Build.0 = GNSS_NMEAPLAYER_RTK|Win32
		{7282594B-1D3E-494A-9B12-6F2F695A38D1}.GNSS_NMEAPLAYER|Any CPU.ActiveCfg = GNSS_NMEAPLAYER|Win32
		{7282594B-1D3E-494A-9B12-6F2F695A38D1}.GNSS_NMEAPLAYER|Mixed Platforms.ActiveCfg = GNSS_NMEAPLAYER|Win32
		{7282594B-1D3E-494A-9B12-6F2F695A38D1}.GNSS_NMEAPLAYER|Mixed Platforms.Build.0 = GNSS_NMEAPLAYER|Win32
		{7282594B-1D3E-494A-9B12-6F2F695A38D1}.GNSS_NMEAPLAYER|Win32.ActiveCfg = GNSS_NMEAPLAYER|Win32
		{7282594B-1D3E-494A-9B12-6F2F695A38D1}.GNSS_NMEAPLAYER|Win32.Build.0 = GNSS_NMEAPLAYER|Win32
		{7282594B-1D3E-494A-9B12-6F2F695A38D1}.GNSS_SUP800_General|Any CPU.ActiveCfg = GNSS_SUP800_General|Win32
		{7282594B-1D3E-494A-9B12-6F2F695A38D1}.GNSS_SUP800_General|Mixed Platforms.ActiveCfg = GNSS_SUP800_General|Win32
		{7282594B-1D3E-494A-9B12-6F2F695A38D1}.GNSS_SUP800_General|Mixed Platforms.Build.0 = GNSS_SUP800_General|Win32
		{7282594B-1D3E-494A-9B12-6F2F695A38D1}.GNSS_SUP800_General|Win32.ActiveCfg = GNSS_SUP800_General|Win32
		{7282594B-1D3E-494A-9B12-6F2F695A38D1}.GNSS_SUP800_General|Win32.Build.0 = GNSS_SUP800_General|Win32
		{7282594B-1D3E-494A-9B12-6F2F695A38D1}.GNSS_SUP800|Any CPU.ActiveCfg = GNSS_SUP800|Win32
		{7282594B-1D3E-494A-9B12-6F2F695A38D1}.GNSS_SUP800|Mixed Platforms.ActiveCfg = GNSS_SUP800|Win32
		{7282594B-1D3E-494A-9B12-6F2F695A38D1}.GNSS_SUP800|Mixed Platforms.Build.0 = GNSS_SUP800|Win32
		{7282594B-1D3E-494A-9B12-6F2F695A38D1}.GNSS_SUP800|Win32.ActiveCfg = GNSS_SUP800|Win32
		{7282594B-1D3E-494A-9B12-6F2F695A38D1}.GNSS_SUP800|Win32.Build.0 = GNSS_SUP800|Win32
		{7282594B-1D3E-494A-9B12-6F2F695A38D1}.Navic_General|Any CPU.ActiveCfg = Navic_General|Win32
		{7282594B-1D3E-494A-9B12-6F2F695A38D1}.Navic_General|Mixed Platforms.ActiveCfg = Navic_General|Win32
		{7282594B-1D3E-494A-9B12-6F2F695A38D1}.Navic_General|Mixed Platforms.Build.0 = Navic_General|Win32
		{7282594B-1D3E-494A-9B12-6F2F695A38D1}.Navic_General|Win32.ActiveCfg = Navic_General|Win32
		{7282594B-1D3E-494A-9B12-6F2F695A38D1}.Navic_General|Win32.Build.0 = Navic_General|Win32
		{7282594B-1D3E-494A-9B12-6F2F695A38D1}.Navic_InternalUse|Any CPU.ActiveCfg = Navic_InternalUse|Win32
		{7282594B-1D3E-494A-9B12-6F2F695A38D1}.Navic_InternalUse|Mixed Platforms.ActiveCfg = Navic_InternalUse|Win32
		{7282594B-1D3E-494A-9B12-6F2F695A38D1}.Navic_InternalUse|Mixed Platforms.Build.0 = Navic_InternalUse|Win32
		{7282594B-1D3E-494A-9B12-6F2F695A38D1}.Navic_InternalUse|Win32.ActiveCfg = Navic_InternalUse|Win32
		{7282594B-1D3E-494A-9B12-6F2F695A38D1}.Navic_InternalUse|Win32.Build.0 = Navic_InternalUse|Win32
		{7282594B-1D3E-494A-9B12-6F2F695A38D1}.Release|Any CPU.ActiveCfg = Release|Win32
		{7282594B-1D3E-494A-9B12-6F2F695A38D1}.Release|Mixed Platforms.ActiveCfg = Release|Win32
		{7282594B-1D3E-494A-9B12-6F2F695A38D1}.Release|Mixed Platforms.Build.0 = Release|Win32
		{7282594B-1D3E-494A-9B12-6F2F695A38D1}.Release|Win32.ActiveCfg = Release|Win32
		{7282594B-1D3E-494A-9B12-6F2F695A38D1}.Release|Win32.Build.0 = Release|Win32
		{7282594B-1D3E-494A-9B12-6F2F695A38D1}.RTK_PatchTool|Any CPU.ActiveCfg = RTK_PatchTool|Win32
		{7282594B-1D3E-494A-9B12-6F2F695A38D1}.RTK_PatchTool|Mixed Platforms.ActiveCfg = RTK_PatchTool|Win32
		{7282594B-1D3E-494A-9B12-6F2F695A38D1}.RTK_PatchTool|Mixed Platforms.Build.0 = RTK_PatchTool|Win32
		{7282594B-1D3E-494A-9B12-6F2F695A38D1}.RTK_PatchTool|Win32.ActiveCfg = RTK_PatchTool|Win32
		{7282594B-1D3E-494A-9B12-6F2F695A38D1}.RTK_PatchTool|Win32.Build.0 = RTK_PatchTool|Win32
	EndGlobalSection
	GlobalSection(SolutionProperties) = preSolution
		HideSolutionNode = FALSE
	EndGlobalSection
EndGlobal
